
Microsoft Visual Studio Solution File, Format Version 12.00
# Visual Studio Version 17
VisualStudioVersion = 17.0.31512.422
MinimumVisualStudioVersion = 10.0.40219.1
Project("{8BC9CEB8-8B4A-11D0-8D11-00A0C91BC942}") = "Change value in base class with derive class with inheritance", "Change value in base class with derive class with inheritance\Change value in base class with derive class with inheritance.vcxproj", "{BC3EFD21-8999-48AC-9E51-D6C0F52203F4}"
EndProject
Global
	GlobalSection(SolutionConfigurationPlatforms) = preSolution
		Debug|x64 = Debug|x64
		Debug|x86 = Debug|x86
		Release|x64 = Release|x64
		Release|x86 = Release|x86
	EndGlobalSection
	GlobalSection(ProjectConfigurationPlatforms) = postSolution
		{BC3EFD21-8999-48AC-9E51-D6C0F52203F4}.Debug|x64.ActiveCfg = Debug|x64
		{BC3EFD21-8999-48AC-9E51-D6C0F52203F4}.Debug|x64.Build.0 = Debug|x64
		{BC3EFD21-8999-48AC-9E51-D6C0F52203F4}.Debug|x86.ActiveCfg = Debug|Win32
		{BC3EFD21-8999-48AC-9E51-D6C0F52203F4}.Debug|x86.Build.0 = Debug|Win32
		{BC3EFD21-8999-48AC-9E51-D6C0F52203F4}.Release|x64.ActiveCfg = Release|x64
		{BC3EFD21-8999-48AC-9E51-D6C0F52203F4}.Release|x64.Build.0 = Release|x64
		{BC3EFD21-8999-48AC-9E51-D6C0F52203F4}.Release|x86.ActiveCfg = Release|Win32
		{BC3EFD21-8999-48AC-9E51-D6C0F52203F4}.Release|x86.Build.0 = Release|Win32
	EndGlobalSection
	GlobalSection(SolutionProperties) = preSolution
		HideSolutionNode = FALSE
	EndGlobalSection
	GlobalSection(ExtensibilityGlobals) = postSolution
		SolutionGuid = {AE772EED-2116-4281-8ACC-C9093CBAA76D}
	EndGlobalSection
EndGlobal
